
Microsoft Visual Studio Solution File, Format Version 12.00
# Visual Studio Version 16
VisualStudioVersion = 16.0.30611.23
MinimumVisualStudioVersion = 10.0.40219.1
Project("{FAE04EC0-301F-11D3-BF4B-00C04F79EFBC}") = "ConsoleApp3", "ConsoleApp3\ConsoleApp3.csproj", "{30032EC6-7DDB-48A5-ADD5-77530FE01853}"
EndProject
Project("{FAE04EC0-301F-11D3-BF4B-00C04F79EFBC}") = "ClassLibrary1", "ClassLibrary1\ClassLibrary1.csproj", "{EE423350-38FD-4FC3-A1DB-9EF46502B3E6}"
EndProject
Global
	GlobalSection(SolutionConfigurationPlatforms) = preSolution
		Debug|Any CPU = Debug|Any CPU
		Release|Any CPU = Release|Any CPU
	EndGlobalSection
	GlobalSection(ProjectConfigurationPlatforms) = postSolution
		{30032EC6-7DDB-48A5-ADD5-77530FE01853}.Debug|Any CPU.ActiveCfg = Debug|Any CPU
		{30032EC6-7DDB-48A5-ADD5-77530FE01853}.Debug|Any CPU.Build.0 = Debug|Any CPU
		{30032EC6-7DDB-48A5-ADD5-77530FE01853}.Release|Any CPU.ActiveCfg = Release|Any CPU
		{30032EC6-7DDB-48A5-ADD5-77530FE01853}.Release|Any CPU.Build.0 = Release|Any CPU
		{EE423350-38FD-4FC3-A1DB-9EF46502B3E6}.Debug|Any CPU.ActiveCfg = Debug|Any CPU
		{EE423350-38FD-4FC3-A1DB-9EF46502B3E6}.Debug|Any CPU.Build.0 = Debug|Any CPU
		{EE423350-38FD-4FC3-A1DB-9EF46502B3E6}.Release|Any CPU.ActiveCfg = Release|Any CPU
		{EE423350-38FD-4FC3-A1DB-9EF46502B3E6}.Release|Any CPU.Build.0 = Release|Any CPU
	EndGlobalSection
	GlobalSection(SolutionProperties) = preSolution
		HideSolutionNode = FALSE
	EndGlobalSection
	GlobalSection(ExtensibilityGlobals) = postSolution
		SolutionGuid = {E4359C75-4413-4102-A327-AC83BD8759F4}
	EndGlobalSection
EndGlobal
